// !$*UTF8*$!
{
	archiveVersion = 1;
	classes = {
	};
	objectVersion = 46;
	objects = {

/* Begin PBXBuildFile section */
		0758550CB5B577399EC6AF7E /* Pods_clean_architecture_spotifyTests.framework in Frameworks */ = {isa = PBXBuildFile; fileRef = 1D84D9ECE37E3829FB3A13CC /* Pods_clean_architecture_spotifyTests.framework */; };
		458D92FA1E09859A00D05A83 /* ArtistPresenter.swift in Sources */ = {isa = PBXBuildFile; fileRef = 458D92F81E09859A00D05A83 /* ArtistPresenter.swift */; };
		458D92FB1E09859A00D05A83 /* ViewController.swift in Sources */ = {isa = PBXBuildFile; fileRef = 458D92F91E09859A00D05A83 /* ViewController.swift */; };
		45ED5C7B1E073C4000308D89 /* AppDelegate.swift in Sources */ = {isa = PBXBuildFile; fileRef = 45ED5C7A1E073C4000308D89 /* AppDelegate.swift */; };
		45ED5C801E073C4000308D89 /* Main.storyboard in Resources */ = {isa = PBXBuildFile; fileRef = 45ED5C7E1E073C4000308D89 /* Main.storyboard */; };
		45ED5C821E073C4000308D89 /* Assets.xcassets in Resources */ = {isa = PBXBuildFile; fileRef = 45ED5C811E073C4000308D89 /* Assets.xcassets */; };
		45ED5C851E073C4000308D89 /* LaunchScreen.storyboard in Resources */ = {isa = PBXBuildFile; fileRef = 45ED5C831E073C4000308D89 /* LaunchScreen.storyboard */; };
		45ED5C901E073C4100308D89 /* clean_architecture_spotifyTests.swift in Sources */ = {isa = PBXBuildFile; fileRef = 45ED5C8F1E073C4100308D89 /* clean_architecture_spotifyTests.swift */; };
		45ED5C9B1E073C4100308D89 /* clean_architecture_spotifyUITests.swift in Sources */ = {isa = PBXBuildFile; fileRef = 45ED5C9A1E073C4100308D89 /* clean_architecture_spotifyUITests.swift */; };
		45ED5CEA1E07427400308D89 /* ArtistEntity.swift in Sources */ = {isa = PBXBuildFile; fileRef = 45ED5CE01E07427400308D89 /* ArtistEntity.swift */; };
		45ED5CEB1E07427400308D89 /* ArtistEntity.swift in Sources */ = {isa = PBXBuildFile; fileRef = 45ED5CE01E07427400308D89 /* ArtistEntity.swift */; };
		45ED5CEC1E07427400308D89 /* ArtistFollowerEntity.swift in Sources */ = {isa = PBXBuildFile; fileRef = 45ED5CE11E07427400308D89 /* ArtistFollowerEntity.swift */; };
		45ED5CED1E07427400308D89 /* ArtistFollowerEntity.swift in Sources */ = {isa = PBXBuildFile; fileRef = 45ED5CE11E07427400308D89 /* ArtistFollowerEntity.swift */; };
		45ED5CEE1E07427400308D89 /* ArtistImageEntity.swift in Sources */ = {isa = PBXBuildFile; fileRef = 45ED5CE21E07427400308D89 /* ArtistImageEntity.swift */; };
		45ED5CEF1E07427400308D89 /* ArtistImageEntity.swift in Sources */ = {isa = PBXBuildFile; fileRef = 45ED5CE21E07427400308D89 /* ArtistImageEntity.swift */; };
		45ED5CF01E07427400308D89 /* ArtistResponseEntity.swift in Sources */ = {isa = PBXBuildFile; fileRef = 45ED5CE31E07427400308D89 /* ArtistResponseEntity.swift */; };
		45ED5CF11E07427400308D89 /* ArtistResponseEntity.swift in Sources */ = {isa = PBXBuildFile; fileRef = 45ED5CE31E07427400308D89 /* ArtistResponseEntity.swift */; };
		45ED5CF21E07427400308D89 /* Datasource.swift in Sources */ = {isa = PBXBuildFile; fileRef = 45ED5CE61E07427400308D89 /* Datasource.swift */; };
		45ED5CF31E07427400308D89 /* Datasource.swift in Sources */ = {isa = PBXBuildFile; fileRef = 45ED5CE61E07427400308D89 /* Datasource.swift */; };
		45ED5CF41E07427400308D89 /* Mapper.swift in Sources */ = {isa = PBXBuildFile; fileRef = 45ED5CE81E07427400308D89 /* Mapper.swift */; };
		45ED5CF51E07427400308D89 /* Mapper.swift in Sources */ = {isa = PBXBuildFile; fileRef = 45ED5CE81E07427400308D89 /* Mapper.swift */; };
		45ED5CF61E07427400308D89 /* Repository.swift in Sources */ = {isa = PBXBuildFile; fileRef = 45ED5CE91E07427400308D89 /* Repository.swift */; };
		45ED5CF71E07427400308D89 /* Repository.swift in Sources */ = {isa = PBXBuildFile; fileRef = 45ED5CE91E07427400308D89 /* Repository.swift */; };
		45ED5CF91E0742B700308D89 /* SpotifyRepository.swift in Sources */ = {isa = PBXBuildFile; fileRef = 45ED5CF81E0742B700308D89 /* SpotifyRepository.swift */; };
		45ED5CFA1E0742B700308D89 /* SpotifyRepository.swift in Sources */ = {isa = PBXBuildFile; fileRef = 45ED5CF81E0742B700308D89 /* SpotifyRepository.swift */; };
		45ED5D141E07455F00308D89 /* Artist.swift in Sources */ = {isa = PBXBuildFile; fileRef = 45ED5D0F1E07455F00308D89 /* Artist.swift */; };
		45ED5D151E07455F00308D89 /* Artist.swift in Sources */ = {isa = PBXBuildFile; fileRef = 45ED5D0F1E07455F00308D89 /* Artist.swift */; };
		45ED5D161E07455F00308D89 /* Track.swift in Sources */ = {isa = PBXBuildFile; fileRef = 45ED5D101E07455F00308D89 /* Track.swift */; };
		45ED5D171E07455F00308D89 /* Track.swift in Sources */ = {isa = PBXBuildFile; fileRef = 45ED5D101E07455F00308D89 /* Track.swift */; };
		45ED5D181E07455F00308D89 /* GetArtistList.swift in Sources */ = {isa = PBXBuildFile; fileRef = 45ED5D121E07455F00308D89 /* GetArtistList.swift */; };
		45ED5D191E07455F00308D89 /* GetArtistList.swift in Sources */ = {isa = PBXBuildFile; fileRef = 45ED5D121E07455F00308D89 /* GetArtistList.swift */; };
		45ED5D1D1E07457800308D89 /* GetTopTracks.swift in Sources */ = {isa = PBXBuildFile; fileRef = 45ED5D1C1E07457800308D89 /* GetTopTracks.swift */; };
		45ED5D1E1E07457800308D89 /* GetTopTracks.swift in Sources */ = {isa = PBXBuildFile; fileRef = 45ED5D1C1E07457800308D89 /* GetTopTracks.swift */; };
		45ED5D201E07827D00308D89 /* DatasourceFactory.swift in Sources */ = {isa = PBXBuildFile; fileRef = 45ED5D1F1E07827D00308D89 /* DatasourceFactory.swift */; };
		45ED5D211E07827D00308D89 /* DatasourceFactory.swift in Sources */ = {isa = PBXBuildFile; fileRef = 45ED5D1F1E07827D00308D89 /* DatasourceFactory.swift */; };
		45ED5D231E07843500308D89 /* CloudDatasource.swift in Sources */ = {isa = PBXBuildFile; fileRef = 45ED5D221E07843500308D89 /* CloudDatasource.swift */; };
		45ED5D241E07843500308D89 /* CloudDatasource.swift in Sources */ = {isa = PBXBuildFile; fileRef = 45ED5D221E07843500308D89 /* CloudDatasource.swift */; };
		45ED5D261E07847800308D89 /* CacheDatasource.swift in Sources */ = {isa = PBXBuildFile; fileRef = 45ED5D251E07847800308D89 /* CacheDatasource.swift */; };
		45ED5D271E07847800308D89 /* CacheDatasource.swift in Sources */ = {isa = PBXBuildFile; fileRef = 45ED5D251E07847800308D89 /* CacheDatasource.swift */; };
		DF1314C452C6FE3D40C9EA3E /* Pods_clean_architecture_spotifyUITests.framework in Frameworks */ = {isa = PBXBuildFile; fileRef = 67C540F6F366E7831A500B4F /* Pods_clean_architecture_spotifyUITests.framework */; };
		E4A89467639BC055A061BA39 /* Pods_clean_architecture_spotify.framework in Frameworks */ = {isa = PBXBuildFile; fileRef = FB16D6ACBA311566A421EB2A /* Pods_clean_architecture_spotify.framework */; };
/* End PBXBuildFile section */

/* Begin PBXContainerItemProxy section */
		45ED5C8C1E073C4100308D89 /* PBXContainerItemProxy */ = {
			isa = PBXContainerItemProxy;
			containerPortal = 45ED5C6F1E073C4000308D89 /* Project object */;
			proxyType = 1;
			remoteGlobalIDString = 45ED5C761E073C4000308D89;
			remoteInfo = "clean-architecture-spotify";
		};
		45ED5C971E073C4100308D89 /* PBXContainerItemProxy */ = {
			isa = PBXContainerItemProxy;
			containerPortal = 45ED5C6F1E073C4000308D89 /* Project object */;
			proxyType = 1;
			remoteGlobalIDString = 45ED5C761E073C4000308D89;
			remoteInfo = "clean-architecture-spotify";
		};
/* End PBXContainerItemProxy section */

/* Begin PBXFileReference section */
		0B77944047FB5B8EEC3AEE5A /* Pods-clean-architecture-spotifyTests.debug.xcconfig */ = {isa = PBXFileReference; includeInIndex = 1; lastKnownFileType = text.xcconfig; name = "Pods-clean-architecture-spotifyTests.debug.xcconfig"; path = "Pods/Target Support Files/Pods-clean-architecture-spotifyTests/Pods-clean-architecture-spotifyTests.debug.xcconfig"; sourceTree = "<group>"; };
		1D84D9ECE37E3829FB3A13CC /* Pods_clean_architecture_spotifyTests.framework */ = {isa = PBXFileReference; explicitFileType = wrapper.framework; includeInIndex = 0; path = Pods_clean_architecture_spotifyTests.framework; sourceTree = BUILT_PRODUCTS_DIR; };
		3AF3F4E5831E259E9E8EF59E /* Pods-clean-architecture-spotifyUITests.release.xcconfig */ = {isa = PBXFileReference; includeInIndex = 1; lastKnownFileType = text.xcconfig; name = "Pods-clean-architecture-spotifyUITests.release.xcconfig"; path = "Pods/Target Support Files/Pods-clean-architecture-spotifyUITests/Pods-clean-architecture-spotifyUITests.release.xcconfig"; sourceTree = "<group>"; };
		458D92F81E09859A00D05A83 /* ArtistPresenter.swift */ = {isa = PBXFileReference; fileEncoding = 4; lastKnownFileType = sourcecode.swift; path = ArtistPresenter.swift; sourceTree = "<group>"; };
		458D92F91E09859A00D05A83 /* ViewController.swift */ = {isa = PBXFileReference; fileEncoding = 4; lastKnownFileType = sourcecode.swift; path = ViewController.swift; sourceTree = "<group>"; };
		45ED5C771E073C4000308D89 /* clean-architecture-spotify.app */ = {isa = PBXFileReference; explicitFileType = wrapper.application; includeInIndex = 0; path = "clean-architecture-spotify.app"; sourceTree = BUILT_PRODUCTS_DIR; };
		45ED5C7A1E073C4000308D89 /* AppDelegate.swift */ = {isa = PBXFileReference; lastKnownFileType = sourcecode.swift; path = AppDelegate.swift; sourceTree = "<group>"; };
		45ED5C7F1E073C4000308D89 /* Base */ = {isa = PBXFileReference; lastKnownFileType = file.storyboard; name = Base; path = Base.lproj/Main.storyboard; sourceTree = "<group>"; };
		45ED5C811E073C4000308D89 /* Assets.xcassets */ = {isa = PBXFileReference; lastKnownFileType = folder.assetcatalog; path = Assets.xcassets; sourceTree = "<group>"; };
		45ED5C841E073C4000308D89 /* Base */ = {isa = PBXFileReference; lastKnownFileType = file.storyboard; name = Base; path = Base.lproj/LaunchScreen.storyboard; sourceTree = "<group>"; };
		45ED5C861E073C4000308D89 /* Info.plist */ = {isa = PBXFileReference; lastKnownFileType = text.plist.xml; path = Info.plist; sourceTree = "<group>"; };
		45ED5C8B1E073C4100308D89 /* clean-architecture-spotifyTests.xctest */ = {isa = PBXFileReference; explicitFileType = wrapper.cfbundle; includeInIndex = 0; path = "clean-architecture-spotifyTests.xctest"; sourceTree = BUILT_PRODUCTS_DIR; };
		45ED5C8F1E073C4100308D89 /* clean_architecture_spotifyTests.swift */ = {isa = PBXFileReference; lastKnownFileType = sourcecode.swift; path = clean_architecture_spotifyTests.swift; sourceTree = "<group>"; };
		45ED5C911E073C4100308D89 /* Info.plist */ = {isa = PBXFileReference; lastKnownFileType = text.plist.xml; path = Info.plist; sourceTree = "<group>"; };
		45ED5C961E073C4100308D89 /* clean-architecture-spotifyUITests.xctest */ = {isa = PBXFileReference; explicitFileType = wrapper.cfbundle; includeInIndex = 0; path = "clean-architecture-spotifyUITests.xctest"; sourceTree = BUILT_PRODUCTS_DIR; };
		45ED5C9A1E073C4100308D89 /* clean_architecture_spotifyUITests.swift */ = {isa = PBXFileReference; lastKnownFileType = sourcecode.swift; path = clean_architecture_spotifyUITests.swift; sourceTree = "<group>"; };
		45ED5C9C1E073C4100308D89 /* Info.plist */ = {isa = PBXFileReference; lastKnownFileType = text.plist.xml; path = Info.plist; sourceTree = "<group>"; };
		45ED5CE01E07427400308D89 /* ArtistEntity.swift */ = {isa = PBXFileReference; fileEncoding = 4; lastKnownFileType = sourcecode.swift; path = ArtistEntity.swift; sourceTree = "<group>"; };
		45ED5CE11E07427400308D89 /* ArtistFollowerEntity.swift */ = {isa = PBXFileReference; fileEncoding = 4; lastKnownFileType = sourcecode.swift; path = ArtistFollowerEntity.swift; sourceTree = "<group>"; };
		45ED5CE21E07427400308D89 /* ArtistImageEntity.swift */ = {isa = PBXFileReference; fileEncoding = 4; lastKnownFileType = sourcecode.swift; path = ArtistImageEntity.swift; sourceTree = "<group>"; };
		45ED5CE31E07427400308D89 /* ArtistResponseEntity.swift */ = {isa = PBXFileReference; fileEncoding = 4; lastKnownFileType = sourcecode.swift; path = ArtistResponseEntity.swift; sourceTree = "<group>"; };
		45ED5CE61E07427400308D89 /* Datasource.swift */ = {isa = PBXFileReference; fileEncoding = 4; lastKnownFileType = sourcecode.swift; path = Datasource.swift; sourceTree = "<group>"; };
		45ED5CE81E07427400308D89 /* Mapper.swift */ = {isa = PBXFileReference; fileEncoding = 4; lastKnownFileType = sourcecode.swift; path = Mapper.swift; sourceTree = "<group>"; };
		45ED5CE91E07427400308D89 /* Repository.swift */ = {isa = PBXFileReference; fileEncoding = 4; lastKnownFileType = sourcecode.swift; path = Repository.swift; sourceTree = "<group>"; };
		45ED5CF81E0742B700308D89 /* SpotifyRepository.swift */ = {isa = PBXFileReference; fileEncoding = 4; lastKnownFileType = sourcecode.swift; path = SpotifyRepository.swift; sourceTree = "<group>"; };
		45ED5D0F1E07455F00308D89 /* Artist.swift */ = {isa = PBXFileReference; fileEncoding = 4; lastKnownFileType = sourcecode.swift; path = Artist.swift; sourceTree = "<group>"; };
		45ED5D101E07455F00308D89 /* Track.swift */ = {isa = PBXFileReference; fileEncoding = 4; lastKnownFileType = sourcecode.swift; path = Track.swift; sourceTree = "<group>"; };
		45ED5D121E07455F00308D89 /* GetArtistList.swift */ = {isa = PBXFileReference; fileEncoding = 4; lastKnownFileType = sourcecode.swift; path = GetArtistList.swift; sourceTree = "<group>"; };
		45ED5D1C1E07457800308D89 /* GetTopTracks.swift */ = {isa = PBXFileReference; fileEncoding = 4; lastKnownFileType = sourcecode.swift; path = GetTopTracks.swift; sourceTree = "<group>"; };
		45ED5D1F1E07827D00308D89 /* DatasourceFactory.swift */ = {isa = PBXFileReference; fileEncoding = 4; lastKnownFileType = sourcecode.swift; path = DatasourceFactory.swift; sourceTree = "<group>"; };
		45ED5D221E07843500308D89 /* CloudDatasource.swift */ = {isa = PBXFileReference; fileEncoding = 4; lastKnownFileType = sourcecode.swift; path = CloudDatasource.swift; sourceTree = "<group>"; };
		45ED5D251E07847800308D89 /* CacheDatasource.swift */ = {isa = PBXFileReference; fileEncoding = 4; lastKnownFileType = sourcecode.swift; path = CacheDatasource.swift; sourceTree = "<group>"; };
		67C540F6F366E7831A500B4F /* Pods_clean_architecture_spotifyUITests.framework */ = {isa = PBXFileReference; explicitFileType = wrapper.framework; includeInIndex = 0; path = Pods_clean_architecture_spotifyUITests.framework; sourceTree = BUILT_PRODUCTS_DIR; };
		797C121E8AB8642F3CD30000 /* Pods-clean-architecture-spotifyUITests.debug.xcconfig */ = {isa = PBXFileReference; includeInIndex = 1; lastKnownFileType = text.xcconfig; name = "Pods-clean-architecture-spotifyUITests.debug.xcconfig"; path = "Pods/Target Support Files/Pods-clean-architecture-spotifyUITests/Pods-clean-architecture-spotifyUITests.debug.xcconfig"; sourceTree = "<group>"; };
		83565537E6899E330EB02B1B /* Pods-clean-architecture-spotify.debug.xcconfig */ = {isa = PBXFileReference; includeInIndex = 1; lastKnownFileType = text.xcconfig; name = "Pods-clean-architecture-spotify.debug.xcconfig"; path = "Pods/Target Support Files/Pods-clean-architecture-spotify/Pods-clean-architecture-spotify.debug.xcconfig"; sourceTree = "<group>"; };
		B7CAEABC7BFEC474A8FDDBD7 /* Pods-clean-architecture-spotifyTests.release.xcconfig */ = {isa = PBXFileReference; includeInIndex = 1; lastKnownFileType = text.xcconfig; name = "Pods-clean-architecture-spotifyTests.release.xcconfig"; path = "Pods/Target Support Files/Pods-clean-architecture-spotifyTests/Pods-clean-architecture-spotifyTests.release.xcconfig"; sourceTree = "<group>"; };
		EB134D272EA5C7ECC86EF9DF /* Pods-clean-architecture-spotify.release.xcconfig */ = {isa = PBXFileReference; includeInIndex = 1; lastKnownFileType = text.xcconfig; name = "Pods-clean-architecture-spotify.release.xcconfig"; path = "Pods/Target Support Files/Pods-clean-architecture-spotify/Pods-clean-architecture-spotify.release.xcconfig"; sourceTree = "<group>"; };
		FB16D6ACBA311566A421EB2A /* Pods_clean_architecture_spotify.framework */ = {isa = PBXFileReference; explicitFileType = wrapper.framework; includeInIndex = 0; path = Pods_clean_architecture_spotify.framework; sourceTree = BUILT_PRODUCTS_DIR; };
/* End PBXFileReference section */

/* Begin PBXFrameworksBuildPhase section */
		45ED5C741E073C4000308D89 /* Frameworks */ = {
			isa = PBXFrameworksBuildPhase;
			buildActionMask = 2147483647;
			files = (
				E4A89467639BC055A061BA39 /* Pods_clean_architecture_spotify.framework in Frameworks */,
			);
			runOnlyForDeploymentPostprocessing = 0;
		};
		45ED5C881E073C4100308D89 /* Frameworks */ = {
			isa = PBXFrameworksBuildPhase;
			buildActionMask = 2147483647;
			files = (
				0758550CB5B577399EC6AF7E /* Pods_clean_architecture_spotifyTests.framework in Frameworks */,
			);
			runOnlyForDeploymentPostprocessing = 0;
		};
		45ED5C931E073C4100308D89 /* Frameworks */ = {
			isa = PBXFrameworksBuildPhase;
			buildActionMask = 2147483647;
			files = (
				DF1314C452C6FE3D40C9EA3E /* Pods_clean_architecture_spotifyUITests.framework in Frameworks */,
			);
			runOnlyForDeploymentPostprocessing = 0;
		};
/* End PBXFrameworksBuildPhase section */

/* Begin PBXGroup section */
		458D92F71E09859A00D05A83 /* view */ = {
			isa = PBXGroup;
			children = (
				458D92F81E09859A00D05A83 /* ArtistPresenter.swift */,
				458D92F91E09859A00D05A83 /* ViewController.swift */,
			);
			path = view;
			sourceTree = "<group>";
		};
		45ED5C6E1E073C4000308D89 = {
			isa = PBXGroup;
			children = (
				45ED5C791E073C4000308D89 /* clean-architecture-spotify */,
				45ED5C8E1E073C4100308D89 /* clean-architecture-spotifyTests */,
				45ED5C991E073C4100308D89 /* clean-architecture-spotifyUITests */,
				45ED5C781E073C4000308D89 /* Products */,
				D9A3BB6370A7FC97E5B2D58A /* Pods */,
				7F0114FD8F8EA963FCE8FA18 /* Frameworks */,
			);
			sourceTree = "<group>";
		};
		45ED5C781E073C4000308D89 /* Products */ = {
			isa = PBXGroup;
			children = (
				45ED5C771E073C4000308D89 /* clean-architecture-spotify.app */,
				45ED5C8B1E073C4100308D89 /* clean-architecture-spotifyTests.xctest */,
				45ED5C961E073C4100308D89 /* clean-architecture-spotifyUITests.xctest */,
			);
			name = Products;
			sourceTree = "<group>";
		};
		45ED5C791E073C4000308D89 /* clean-architecture-spotify */ = {
			isa = PBXGroup;
			children = (
				458D92F71E09859A00D05A83 /* view */,
				45ED5D0E1E07455F00308D89 /* domain */,
				45ED5CDE1E07427400308D89 /* data */,
				45ED5C7A1E073C4000308D89 /* AppDelegate.swift */,
				45ED5C7E1E073C4000308D89 /* Main.storyboard */,
				45ED5C811E073C4000308D89 /* Assets.xcassets */,
				45ED5C831E073C4000308D89 /* LaunchScreen.storyboard */,
				45ED5C861E073C4000308D89 /* Info.plist */,
			);
			path = "clean-architecture-spotify";
			sourceTree = "<group>";
		};
		45ED5C8E1E073C4100308D89 /* clean-architecture-spotifyTests */ = {
			isa = PBXGroup;
			children = (
				45ED5C8F1E073C4100308D89 /* clean_architecture_spotifyTests.swift */,
				45ED5C911E073C4100308D89 /* Info.plist */,
			);
			path = "clean-architecture-spotifyTests";
			sourceTree = "<group>";
		};
		45ED5C991E073C4100308D89 /* clean-architecture-spotifyUITests */ = {
			isa = PBXGroup;
			children = (
				45ED5C9A1E073C4100308D89 /* clean_architecture_spotifyUITests.swift */,
				45ED5C9C1E073C4100308D89 /* Info.plist */,
			);
			path = "clean-architecture-spotifyUITests";
			sourceTree = "<group>";
		};
		45ED5CDE1E07427400308D89 /* data */ = {
			isa = PBXGroup;
			children = (
				45ED5CDF1E07427400308D89 /* entity */,
				45ED5CE41E07427400308D89 /* repository */,
			);
			path = data;
			sourceTree = "<group>";
		};
		45ED5CDF1E07427400308D89 /* entity */ = {
			isa = PBXGroup;
			children = (
				45ED5CE01E07427400308D89 /* ArtistEntity.swift */,
				45ED5CE11E07427400308D89 /* ArtistFollowerEntity.swift */,
				45ED5CE21E07427400308D89 /* ArtistImageEntity.swift */,
				45ED5CE31E07427400308D89 /* ArtistResponseEntity.swift */,
			);
			path = entity;
			sourceTree = "<group>";
		};
		45ED5CE41E07427400308D89 /* repository */ = {
			isa = PBXGroup;
			children = (
				45ED5CE51E07427400308D89 /* datasource */,
				45ED5CE91E07427400308D89 /* Repository.swift */,
				45ED5CF81E0742B700308D89 /* SpotifyRepository.swift */,
			);
			path = repository;
			sourceTree = "<group>";
		};
		45ED5CE51E07427400308D89 /* datasource */ = {
			isa = PBXGroup;
			children = (
				45ED5D251E07847800308D89 /* CacheDatasource.swift */,
				45ED5D221E07843500308D89 /* CloudDatasource.swift */,
				45ED5CE61E07427400308D89 /* Datasource.swift */,
				45ED5D1F1E07827D00308D89 /* DatasourceFactory.swift */,
				45ED5CE71E07427400308D89 /* mapper */,
			);
			path = datasource;
			sourceTree = "<group>";
		};
		45ED5CE71E07427400308D89 /* mapper */ = {
			isa = PBXGroup;
			children = (
				45ED5CE81E07427400308D89 /* Mapper.swift */,
			);
			path = mapper;
			sourceTree = "<group>";
		};
		45ED5D0E1E07455F00308D89 /* domain */ = {
			isa = PBXGroup;
			children = (
				45ED5D0F1E07455F00308D89 /* Artist.swift */,
				45ED5D101E07455F00308D89 /* Track.swift */,
				45ED5D111E07455F00308D89 /* usecase */,
			);
			path = domain;
			sourceTree = "<group>";
		};
		45ED5D111E07455F00308D89 /* usecase */ = {
			isa = PBXGroup;
			children = (
				45ED5D121E07455F00308D89 /* GetArtistList.swift */,
				45ED5D1C1E07457800308D89 /* GetTopTracks.swift */,
			);
			path = usecase;
			sourceTree = "<group>";
		};
		7F0114FD8F8EA963FCE8FA18 /* Frameworks */ = {
			isa = PBXGroup;
			children = (
				FB16D6ACBA311566A421EB2A /* Pods_clean_architecture_spotify.framework */,
				1D84D9ECE37E3829FB3A13CC /* Pods_clean_architecture_spotifyTests.framework */,
				67C540F6F366E7831A500B4F /* Pods_clean_architecture_spotifyUITests.framework */,
			);
			name = Frameworks;
			sourceTree = "<group>";
		};
		D9A3BB6370A7FC97E5B2D58A /* Pods */ = {
			isa = PBXGroup;
			children = (
				83565537E6899E330EB02B1B /* Pods-clean-architecture-spotify.debug.xcconfig */,
				EB134D272EA5C7ECC86EF9DF /* Pods-clean-architecture-spotify.release.xcconfig */,
				0B77944047FB5B8EEC3AEE5A /* Pods-clean-architecture-spotifyTests.debug.xcconfig */,
				B7CAEABC7BFEC474A8FDDBD7 /* Pods-clean-architecture-spotifyTests.release.xcconfig */,
				797C121E8AB8642F3CD30000 /* Pods-clean-architecture-spotifyUITests.debug.xcconfig */,
				3AF3F4E5831E259E9E8EF59E /* Pods-clean-architecture-spotifyUITests.release.xcconfig */,
			);
			name = Pods;
			sourceTree = "<group>";
		};
/* End PBXGroup section */

/* Begin PBXNativeTarget section */
		45ED5C761E073C4000308D89 /* clean-architecture-spotify */ = {
			isa = PBXNativeTarget;
			buildConfigurationList = 45ED5C9F1E073C4100308D89 /* Build configuration list for PBXNativeTarget "clean-architecture-spotify" */;
			buildPhases = (
				640DFB551828C8A12765AFF5 /* [CP] Check Pods Manifest.lock */,
				45ED5C731E073C4000308D89 /* Sources */,
				45ED5C741E073C4000308D89 /* Frameworks */,
				45ED5C751E073C4000308D89 /* Resources */,
				9A2126D1339E3F408253711D /* [CP] Embed Pods Frameworks */,
				0D38FC5754FA67F15928C85D /* [CP] Copy Pods Resources */,
			);
			buildRules = (
			);
			dependencies = (
			);
			name = "clean-architecture-spotify";
			productName = "clean-architecture-spotify";
			productReference = 45ED5C771E073C4000308D89 /* clean-architecture-spotify.app */;
			productType = "com.apple.product-type.application";
		};
		45ED5C8A1E073C4100308D89 /* clean-architecture-spotifyTests */ = {
			isa = PBXNativeTarget;
			buildConfigurationList = 45ED5CA21E073C4100308D89 /* Build configuration list for PBXNativeTarget "clean-architecture-spotifyTests" */;
			buildPhases = (
				35155197A137BB9BA6DDAA61 /* [CP] Check Pods Manifest.lock */,
				45ED5C871E073C4100308D89 /* Sources */,
				45ED5C881E073C4100308D89 /* Frameworks */,
				45ED5C891E073C4100308D89 /* Resources */,
				E6C5986D4AC728636D7DA92C /* [CP] Embed Pods Frameworks */,
				28E0151835C61EFC1BC70CD1 /* [CP] Copy Pods Resources */,
			);
			buildRules = (
			);
			dependencies = (
				45ED5C8D1E073C4100308D89 /* PBXTargetDependency */,
			);
			name = "clean-architecture-spotifyTests";
			productName = "clean-architecture-spotifyTests";
			productReference = 45ED5C8B1E073C4100308D89 /* clean-architecture-spotifyTests.xctest */;
			productType = "com.apple.product-type.bundle.unit-test";
		};
		45ED5C951E073C4100308D89 /* clean-architecture-spotifyUITests */ = {
			isa = PBXNativeTarget;
			buildConfigurationList = 45ED5CA51E073C4100308D89 /* Build configuration list for PBXNativeTarget "clean-architecture-spotifyUITests" */;
			buildPhases = (
				A77E4C691A450F448DC9C7FC /* [CP] Check Pods Manifest.lock */,
				45ED5C921E073C4100308D89 /* Sources */,
				45ED5C931E073C4100308D89 /* Frameworks */,
				45ED5C941E073C4100308D89 /* Resources */,
				4824E399A08096D3AC5B471F /* [CP] Embed Pods Frameworks */,
				E42D022C7CFC1FD545F1CF8D /* [CP] Copy Pods Resources */,
			);
			buildRules = (
			);
			dependencies = (
				45ED5C981E073C4100308D89 /* PBXTargetDependency */,
			);
			name = "clean-architecture-spotifyUITests";
			productName = "clean-architecture-spotifyUITests";
			productReference = 45ED5C961E073C4100308D89 /* clean-architecture-spotifyUITests.xctest */;
			productType = "com.apple.product-type.bundle.ui-testing";
		};
/* End PBXNativeTarget section */

/* Begin PBXProject section */
		45ED5C6F1E073C4000308D89 /* Project object */ = {
			isa = PBXProject;
			attributes = {
				LastSwiftUpdateCheck = 0820;
				LastUpgradeCheck = 0820;
				ORGANIZATIONNAME = "Iván Álvares Frías";
				TargetAttributes = {
					45ED5C761E073C4000308D89 = {
						CreatedOnToolsVersion = 8.2;
						DevelopmentTeam = C95475NK7N;
						ProvisioningStyle = Automatic;
					};
					45ED5C8A1E073C4100308D89 = {
						CreatedOnToolsVersion = 8.2;
						DevelopmentTeam = C95475NK7N;
						ProvisioningStyle = Automatic;
						TestTargetID = 45ED5C761E073C4000308D89;
					};
					45ED5C951E073C4100308D89 = {
						CreatedOnToolsVersion = 8.2;
						DevelopmentTeam = C95475NK7N;
						ProvisioningStyle = Automatic;
						TestTargetID = 45ED5C761E073C4000308D89;
					};
				};
			};
			buildConfigurationList = 45ED5C721E073C4000308D89 /* Build configuration list for PBXProject "clean-architecture-spotify" */;
			compatibilityVersion = "Xcode 3.2";
			developmentRegion = English;
			hasScannedForEncodings = 0;
			knownRegions = (
				en,
				Base,
			);
			mainGroup = 45ED5C6E1E073C4000308D89;
			productRefGroup = 45ED5C781E073C4000308D89 /* Products */;
			projectDirPath = "";
			projectRoot = "";
			targets = (
				45ED5C761E073C4000308D89 /* clean-architecture-spotify */,
				45ED5C8A1E073C4100308D89 /* clean-architecture-spotifyTests */,
				45ED5C951E073C4100308D89 /* clean-architecture-spotifyUITests */,
			);
		};
/* End PBXProject section */

/* Begin PBXResourcesBuildPhase section */
		45ED5C751E073C4000308D89 /* Resources */ = {
			isa = PBXResourcesBuildPhase;
			buildActionMask = 2147483647;
			files = (
				45ED5C851E073C4000308D89 /* LaunchScreen.storyboard in Resources */,
				45ED5C821E073C4000308D89 /* Assets.xcassets in Resources */,
				45ED5C801E073C4000308D89 /* Main.storyboard in Resources */,
			);
			runOnlyForDeploymentPostprocessing = 0;
		};
		45ED5C891E073C4100308D89 /* Resources */ = {
			isa = PBXResourcesBuildPhase;
			buildActionMask = 2147483647;
			files = (
			);
			runOnlyForDeploymentPostprocessing = 0;
		};
		45ED5C941E073C4100308D89 /* Resources */ = {
			isa = PBXResourcesBuildPhase;
			buildActionMask = 2147483647;
			files = (
			);
			runOnlyForDeploymentPostprocessing = 0;
		};
/* End PBXResourcesBuildPhase section */

/* Begin PBXShellScriptBuildPhase section */
		0D38FC5754FA67F15928C85D /* [CP] Copy Pods Resources */ = {
			isa = PBXShellScriptBuildPhase;
			buildActionMask = 2147483647;
			files = (
			);
			inputPaths = (
			);
			name = "[CP] Copy Pods Resources";
			outputPaths = (
			);
			runOnlyForDeploymentPostprocessing = 0;
			shellPath = /bin/sh;
			shellScript = "\"${SRCROOT}/Pods/Target Support Files/Pods-clean-architecture-spotify/Pods-clean-architecture-spotify-resources.sh\"\n";
			showEnvVarsInLog = 0;
		};
		28E0151835C61EFC1BC70CD1 /* [CP] Copy Pods Resources */ = {
			isa = PBXShellScriptBuildPhase;
			buildActionMask = 2147483647;
			files = (
			);
			inputPaths = (
			);
			name = "[CP] Copy Pods Resources";
			outputPaths = (
			);
			runOnlyForDeploymentPostprocessing = 0;
			shellPath = /bin/sh;
			shellScript = "\"${SRCROOT}/Pods/Target Support Files/Pods-clean-architecture-spotifyTests/Pods-clean-architecture-spotifyTests-resources.sh\"\n";
			showEnvVarsInLog = 0;
		};
		35155197A137BB9BA6DDAA61 /* [CP] Check Pods Manifest.lock */ = {
			isa = PBXShellScriptBuildPhase;
			buildActionMask = 2147483647;
			files = (
			);
			inputPaths = (
			);
			name = "[CP] Check Pods Manifest.lock";
			outputPaths = (
			);
			runOnlyForDeploymentPostprocessing = 0;
			shellPath = /bin/sh;
			shellScript = "diff \"${PODS_ROOT}/../Podfile.lock\" \"${PODS_ROOT}/Manifest.lock\" > /dev/null\nif [ $? != 0 ] ; then\n    # print error to STDERR\n    echo \"error: The sandbox is not in sync with the Podfile.lock. Run 'pod install' or update your CocoaPods installation.\" >&2\n    exit 1\nfi\n";
			showEnvVarsInLog = 0;
		};
		4824E399A08096D3AC5B471F /* [CP] Embed Pods Frameworks */ = {
			isa = PBXShellScriptBuildPhase;
			buildActionMask = 2147483647;
			files = (
			);
			inputPaths = (
			);
			name = "[CP] Embed Pods Frameworks";
			outputPaths = (
			);
			runOnlyForDeploymentPostprocessing = 0;
			shellPath = /bin/sh;
			shellScript = "\"${SRCROOT}/Pods/Target Support Files/Pods-clean-architecture-spotifyUITests/Pods-clean-architecture-spotifyUITests-frameworks.sh\"\n";
			showEnvVarsInLog = 0;
		};
		640DFB551828C8A12765AFF5 /* [CP] Check Pods Manifest.lock */ = {
			isa = PBXShellScriptBuildPhase;
			buildActionMask = 2147483647;
			files = (
			);
			inputPaths = (
			);
			name = "[CP] Check Pods Manifest.lock";
			outputPaths = (
			);
			runOnlyForDeploymentPostprocessing = 0;
			shellPath = /bin/sh;
			shellScript = "diff \"${PODS_ROOT}/../Podfile.lock\" \"${PODS_ROOT}/Manifest.lock\" > /dev/null\nif [ $? != 0 ] ; then\n    # print error to STDERR\n    echo \"error: The sandbox is not in sync with the Podfile.lock. Run 'pod install' or update your CocoaPods installation.\" >&2\n    exit 1\nfi\n";
			showEnvVarsInLog = 0;
		};
		9A2126D1339E3F408253711D /* [CP] Embed Pods Frameworks */ = {
			isa = PBXShellScriptBuildPhase;
			buildActionMask = 2147483647;
			files = (
			);
			inputPaths = (
			);
			name = "[CP] Embed Pods Frameworks";
			outputPaths = (
			);
			runOnlyForDeploymentPostprocessing = 0;
			shellPath = /bin/sh;
			shellScript = "\"${SRCROOT}/Pods/Target Support Files/Pods-clean-architecture-spotify/Pods-clean-architecture-spotify-frameworks.sh\"\n";
			showEnvVarsInLog = 0;
		};
		A77E4C691A450F448DC9C7FC /* [CP] Check Pods Manifest.lock */ = {
			isa = PBXShellScriptBuildPhase;
			buildActionMask = 2147483647;
			files = (
			);
			inputPaths = (
			);
			name = "[CP] Check Pods Manifest.lock";
			outputPaths = (
			);
			runOnlyForDeploymentPostprocessing = 0;
			shellPath = /bin/sh;
			shellScript = "diff \"${PODS_ROOT}/../Podfile.lock\" \"${PODS_ROOT}/Manifest.lock\" > /dev/null\nif [ $? != 0 ] ; then\n    # print error to STDERR\n    echo \"error: The sandbox is not in sync with the Podfile.lock. Run 'pod install' or update your CocoaPods installation.\" >&2\n    exit 1\nfi\n";
			showEnvVarsInLog = 0;
		};
		E42D022C7CFC1FD545F1CF8D /* [CP] Copy Pods Resources */ = {
			isa = PBXShellScriptBuildPhase;
			buildActionMask = 2147483647;
			files = (
			);
			inputPaths = (
			);
			name = "[CP] Copy Pods Resources";
			outputPaths = (
			);
			runOnlyForDeploymentPostprocessing = 0;
			shellPath = /bin/sh;
			shellScript = "\"${SRCROOT}/Pods/Target Support Files/Pods-clean-architecture-spotifyUITests/Pods-clean-architecture-spotifyUITests-resources.sh\"\n";
			showEnvVarsInLog = 0;
		};
		E6C5986D4AC728636D7DA92C /* [CP] Embed Pods Frameworks */ = {
			isa = PBXShellScriptBuildPhase;
			buildActionMask = 2147483647;
			files = (
			);
			inputPaths = (
			);
			name = "[CP] Embed Pods Frameworks";
			outputPaths = (
			);
			runOnlyForDeploymentPostprocessing = 0;
			shellPath = /bin/sh;
			shellScript = "\"${SRCROOT}/Pods/Target Support Files/Pods-clean-architecture-spotifyTests/Pods-clean-architecture-spotifyTests-frameworks.sh\"\n";
			showEnvVarsInLog = 0;
		};
/* End PBXShellScriptBuildPhase section */

/* Begin PBXSourcesBuildPhase section */
		45ED5C731E073C4000308D89 /* Sources */ = {
			isa = PBXSourcesBuildPhase;
			buildActionMask = 2147483647;
			files = (
				45ED5CEA1E07427400308D89 /* ArtistEntity.swift in Sources */,
				45ED5D231E07843500308D89 /* CloudDatasource.swift in Sources */,
				45ED5D261E07847800308D89 /* CacheDatasource.swift in Sources */,
				45ED5C7B1E073C4000308D89 /* AppDelegate.swift in Sources */,
				45ED5CEE1E07427400308D89 /* ArtistImageEntity.swift in Sources */,
				45ED5CF41E07427400308D89 /* Mapper.swift in Sources */,
				45ED5D181E07455F00308D89 /* GetArtistList.swift in Sources */,
				45ED5CF01E07427400308D89 /* ArtistResponseEntity.swift in Sources */,
				45ED5D201E07827D00308D89 /* DatasourceFactory.swift in Sources */,
				45ED5CF91E0742B700308D89 /* SpotifyRepository.swift in Sources */,
				45ED5CEC1E07427400308D89 /* ArtistFollowerEntity.swift in Sources */,
				45ED5CF21E07427400308D89 /* Datasource.swift in Sources */,
				458D92FB1E09859A00D05A83 /* ViewController.swift in Sources */,
				45ED5CF61E07427400308D89 /* Repository.swift in Sources */,
				45ED5D1D1E07457800308D89 /* GetTopTracks.swift in Sources */,
				45ED5D141E07455F00308D89 /* Artist.swift in Sources */,
				458D92FA1E09859A00D05A83 /* ArtistPresenter.swift in Sources */,
				45ED5D161E07455F00308D89 /* Track.swift in Sources */,
			);
			runOnlyForDeploymentPostprocessing = 0;
		};
		45ED5C871E073C4100308D89 /* Sources */ = {
			isa = PBXSourcesBuildPhase;
			buildActionMask = 2147483647;
			files = (
				45ED5CF31E07427400308D89 /* Datasource.swift in Sources */,
				45ED5D171E07455F00308D89 /* Track.swift in Sources */,
				45ED5CF11E07427400308D89 /* ArtistResponseEntity.swift in Sources */,
				45ED5CF51E07427400308D89 /* Mapper.swift in Sources */,
				45ED5CF71E07427400308D89 /* Repository.swift in Sources */,
				45ED5C901E073C4100308D89 /* clean_architecture_spotifyTests.swift in Sources */,
				45ED5CEF1E07427400308D89 /* ArtistImageEntity.swift in Sources */,
				45ED5CED1E07427400308D89 /* ArtistFollowerEntity.swift in Sources */,
				45ED5CFA1E0742B700308D89 /* SpotifyRepository.swift in Sources */,
				45ED5D191E07455F00308D89 /* GetArtistList.swift in Sources */,
				45ED5D151E07455F00308D89 /* Artist.swift in Sources */,
				45ED5D211E07827D00308D89 /* DatasourceFactory.swift in Sources */,
				45ED5D241E07843500308D89 /* CloudDatasource.swift in Sources */,
				45ED5D1E1E07457800308D89 /* GetTopTracks.swift in Sources */,
				45ED5CEB1E07427400308D89 /* ArtistEntity.swift in Sources */,
				45ED5D271E07847800308D89 /* CacheDatasource.swift in Sources */,
			);
			runOnlyForDeploymentPostprocessing = 0;
		};
		45ED5C921E073C4100308D89 /* Sources */ = {
			isa = PBXSourcesBuildPhase;
			buildActionMask = 2147483647;
			files = (
				45ED5C9B1E073C4100308D89 /* clean_architecture_spotifyUITests.swift in Sources */,
			);
			runOnlyForDeploymentPostprocessing = 0;
		};
/* End PBXSourcesBuildPhase section */

/* Begin PBXTargetDependency section */
		45ED5C8D1E073C4100308D89 /* PBXTargetDependency */ = {
			isa = PBXTargetDependency;
			target = 45ED5C761E073C4000308D89 /* clean-architecture-spotify */;
			targetProxy = 45ED5C8C1E073C4100308D89 /* PBXContainerItemProxy */;
		};
		45ED5C981E073C4100308D89 /* PBXTargetDependency */ = {
			isa = PBXTargetDependency;
			target = 45ED5C761E073C4000308D89 /* clean-architecture-spotify */;
			targetProxy = 45ED5C971E073C4100308D89 /* PBXContainerItemProxy */;
		};
/* End PBXTargetDependency section */

/* Begin PBXVariantGroup section */
		45ED5C7E1E073C4000308D89 /* Main.storyboard */ = {
			isa = PBXVariantGroup;
			children = (
				45ED5C7F1E073C4000308D89 /* Base */,
			);
			name = Main.storyboard;
			sourceTree = "<group>";
		};
		45ED5C831E073C4000308D89 /* LaunchScreen.storyboard */ = {
			isa = PBXVariantGroup;
			children = (
				45ED5C841E073C4000308D89 /* Base */,
			);
			name = LaunchScreen.storyboard;
			sourceTree = "<group>";
		};
/* End PBXVariantGroup section */

/* Begin XCBuildConfiguration section */
		45ED5C9D1E073C4100308D89 /* Debug */ = {
			isa = XCBuildConfiguration;
			buildSettings = {
				ALWAYS_SEARCH_USER_PATHS = NO;
				CLANG_ANALYZER_NONNULL = YES;
				CLANG_CXX_LANGUAGE_STANDARD = "gnu++0x";
				CLANG_CXX_LIBRARY = "libc++";
				CLANG_ENABLE_MODULES = YES;
				CLANG_ENABLE_OBJC_ARC = YES;
				CLANG_WARN_BOOL_CONVERSION = YES;
				CLANG_WARN_CONSTANT_CONVERSION = YES;
				CLANG_WARN_DIRECT_OBJC_ISA_USAGE = YES_ERROR;
				CLANG_WARN_DOCUMENTATION_COMMENTS = YES;
				CLANG_WARN_EMPTY_BODY = YES;
				CLANG_WARN_ENUM_CONVERSION = YES;
				CLANG_WARN_INFINITE_RECURSION = YES;
				CLANG_WARN_INT_CONVERSION = YES;
				CLANG_WARN_OBJC_ROOT_CLASS = YES_ERROR;
				CLANG_WARN_SUSPICIOUS_MOVE = YES;
				CLANG_WARN_UNREACHABLE_CODE = YES;
				CLANG_WARN__DUPLICATE_METHOD_MATCH = YES;
				"CODE_SIGN_IDENTITY[sdk=iphoneos*]" = "iPhone Developer";
				COPY_PHASE_STRIP = NO;
				DEBUG_INFORMATION_FORMAT = dwarf;
				ENABLE_STRICT_OBJC_MSGSEND = YES;
				ENABLE_TESTABILITY = YES;
				GCC_C_LANGUAGE_STANDARD = gnu99;
				GCC_DYNAMIC_NO_PIC = NO;
				GCC_NO_COMMON_BLOCKS = YES;
				GCC_OPTIMIZATION_LEVEL = 0;
				GCC_PREPROCESSOR_DEFINITIONS = (
					"DEBUG=1",
					"$(inherited)",
				);
				GCC_WARN_64_TO_32_BIT_CONVERSION = YES;
				GCC_WARN_ABOUT_RETURN_TYPE = YES_ERROR;
				GCC_WARN_UNDECLARED_SELECTOR = YES;
				GCC_WARN_UNINITIALIZED_AUTOS = YES_AGGRESSIVE;
				GCC_WARN_UNUSED_FUNCTION = YES;
				GCC_WARN_UNUSED_VARIABLE = YES;
				IPHONEOS_DEPLOYMENT_TARGET = 10.2;
				MTL_ENABLE_DEBUG_INFO = YES;
				ONLY_ACTIVE_ARCH = YES;
				SDKROOT = iphoneos;
				SWIFT_ACTIVE_COMPILATION_CONDITIONS = DEBUG;
				SWIFT_OPTIMIZATION_LEVEL = "-Onone";
				TARGETED_DEVICE_FAMILY = "1,2";
			};
			name = Debug;
		};
		45ED5C9E1E073C4100308D89 /* Release */ = {
			isa = XCBuildConfiguration;
			buildSettings = {
				ALWAYS_SEARCH_USER_PATHS = NO;
				CLANG_ANALYZER_NONNULL = YES;
				CLANG_CXX_LANGUAGE_STANDARD = "gnu++0x";
				CLANG_CXX_LIBRARY = "libc++";
				CLANG_ENABLE_MODULES = YES;
				CLANG_ENABLE_OBJC_ARC = YES;
				CLANG_WARN_BOOL_CONVERSION = YES;
				CLANG_WARN_CONSTANT_CONVERSION = YES;
				CLANG_WARN_DIRECT_OBJC_ISA_USAGE = YES_ERROR;
				CLANG_WARN_DOCUMENTATION_COMMENTS = YES;
				CLANG_WARN_EMPTY_BODY = YES;
				CLANG_WARN_ENUM_CONVERSION = YES;
				CLANG_WARN_INFINITE_RECURSION = YES;
				CLANG_WARN_INT_CONVERSION = YES;
				CLANG_WARN_OBJC_ROOT_CLASS = YES_ERROR;
				CLANG_WARN_SUSPICIOUS_MOVE = YES;
				CLANG_WARN_UNREACHABLE_CODE = YES;
				CLANG_WARN__DUPLICATE_METHOD_MATCH = YES;
				"CODE_SIGN_IDENTITY[sdk=iphoneos*]" = "iPhone Developer";
				COPY_PHASE_STRIP = NO;
				DEBUG_INFORMATION_FORMAT = "dwarf-with-dsym";
				ENABLE_NS_ASSERTIONS = NO;
				ENABLE_STRICT_OBJC_MSGSEND = YES;
				GCC_C_LANGUAGE_STANDARD = gnu99;
				GCC_NO_COMMON_BLOCKS = YES;
				GCC_WARN_64_TO_32_BIT_CONVERSION = YES;
				GCC_WARN_ABOUT_RETURN_TYPE = YES_ERROR;
				GCC_WARN_UNDECLARED_SELECTOR = YES;
				GCC_WARN_UNINITIALIZED_AUTOS = YES_AGGRESSIVE;
				GCC_WARN_UNUSED_FUNCTION = YES;
				GCC_WARN_UNUSED_VARIABLE = YES;
				IPHONEOS_DEPLOYMENT_TARGET = 10.2;
				MTL_ENABLE_DEBUG_INFO = NO;
				SDKROOT = iphoneos;
				SWIFT_OPTIMIZATION_LEVEL = "-Owholemodule";
				TARGETED_DEVICE_FAMILY = "1,2";
				VALIDATE_PRODUCT = YES;
			};
			name = Release;
		};
		45ED5CA01E073C4100308D89 /* Debug */ = {
			isa = XCBuildConfiguration;
			baseConfigurationReference = 83565537E6899E330EB02B1B /* Pods-clean-architecture-spotify.debug.xcconfig */;
			buildSettings = {
				ASSETCATALOG_COMPILER_APPICON_NAME = AppIcon;
				DEVELOPMENT_TEAM = C95475NK7N;
				INFOPLIST_FILE = "clean-architecture-spotify/Info.plist";
				LD_RUNPATH_SEARCH_PATHS = "$(inherited) @executable_path/Frameworks";
				PRODUCT_BUNDLE_IDENTIFIER = "com.clean-architecture-spotify";
				PRODUCT_NAME = "$(TARGET_NAME)";
				SWIFT_VERSION = 3.0;
			};
			name = Debug;
		};
		45ED5CA11E073C4100308D89 /* Release */ = {
			isa = XCBuildConfiguration;
			baseConfigurationReference = EB134D272EA5C7ECC86EF9DF /* Pods-clean-architecture-spotify.release.xcconfig */;
			buildSettings = {
				ASSETCATALOG_COMPILER_APPICON_NAME = AppIcon;
				DEVELOPMENT_TEAM = C95475NK7N;
				INFOPLIST_FILE = "clean-architecture-spotify/Info.plist";
				LD_RUNPATH_SEARCH_PATHS = "$(inherited) @executable_path/Frameworks";
				PRODUCT_BUNDLE_IDENTIFIER = "com.clean-architecture-spotify";
				PRODUCT_NAME = "$(TARGET_NAME)";
				SWIFT_VERSION = 3.0;
			};
			name = Release;
		};
		45ED5CA31E073C4100308D89 /* Debug */ = {
			isa = XCBuildConfiguration;
			baseConfigurationReference = 0B77944047FB5B8EEC3AEE5A /* Pods-clean-architecture-spotifyTests.debug.xcconfig */;
			buildSettings = {
				ALWAYS_EMBED_SWIFT_STANDARD_LIBRARIES = YES;
				BUNDLE_LOADER = "$(TEST_HOST)";
				DEVELOPMENT_TEAM = C95475NK7N;
				INFOPLIST_FILE = "clean-architecture-spotifyTests/Info.plist";
				LD_RUNPATH_SEARCH_PATHS = "$(inherited) @executable_path/Frameworks @loader_path/Frameworks";
				PRODUCT_BUNDLE_IDENTIFIER = "com.clean-architecture-spotifyTests";
				PRODUCT_NAME = "$(TARGET_NAME)";
				SWIFT_VERSION = 3.0;
				TEST_HOST = "$(BUILT_PRODUCTS_DIR)/clean-architecture-spotify.app/clean-architecture-spotify";
			};
			name = Debug;
		};
		45ED5CA41E073C4100308D89 /* Release */ = {
			isa = XCBuildConfiguration;
			baseConfigurationReference = B7CAEABC7BFEC474A8FDDBD7 /* Pods-clean-architecture-spotifyTests.release.xcconfig */;
			buildSettings = {
				ALWAYS_EMBED_SWIFT_STANDARD_LIBRARIES = YES;
				BUNDLE_LOADER = "$(TEST_HOST)";
				DEVELOPMENT_TEAM = C95475NK7N;
				INFOPLIST_FILE = "clean-architecture-spotifyTests/Info.plist";
				LD_RUNPATH_SEARCH_PATHS = "$(inherited) @executable_path/Frameworks @loader_path/Frameworks";
				PRODUCT_BUNDLE_IDENTIFIER = "com.clean-architecture-spotifyTests";
				PRODUCT_NAME = "$(TARGET_NAME)";
				SWIFT_VERSION = 3.0;
				TEST_HOST = "$(BUILT_PRODUCTS_DIR)/clean-architecture-spotify.app/clean-architecture-spotify";
			};
			name = Release;
		};
		45ED5CA61E073C4100308D89 /* Debug */ = {
			isa = XCBuildConfiguration;
			baseConfigurationReference = 797C121E8AB8642F3CD30000 /* Pods-clean-architecture-spotifyUITests.debug.xcconfig */;
			buildSettings = {
				ALWAYS_EMBED_SWIFT_STANDARD_LIBRARIES = YES;
				DEVELOPMENT_TEAM = C95475NK7N;
				INFOPLIST_FILE = "clean-architecture-spotifyUITests/Info.plist";
				LD_RUNPATH_SEARCH_PATHS = "$(inherited) @executable_path/Frameworks @loader_path/Frameworks";
				PRODUCT_BUNDLE_IDENTIFIER = "com.clean-architecture-spotifyUITests";
				PRODUCT_NAME = "$(TARGET_NAME)";
				SWIFT_VERSION = 3.0;
				TEST_TARGET_NAME = "clean-architecture-spotify";
			};
			name = Debug;
		};
		45ED5CA71E073C4100308D89 /* Release */ = {
			isa = XCBuildConfiguration;
			baseConfigurationReference = 3AF3F4E5831E259E9E8EF59E /* Pods-clean-architecture-spotifyUITests.release.xcconfig */;
			buildSettings = {
				ALWAYS_EMBED_SWIFT_STANDARD_LIBRARIES = YES;
				DEVELOPMENT_TEAM = C95475NK7N;
				INFOPLIST_FILE = "clean-architecture-spotifyUITests/Info.plist";
				LD_RUNPATH_SEARCH_PATHS = "$(inherited) @executable_path/Frameworks @loader_path/Frameworks";
				PRODUCT_BUNDLE_IDENTIFIER = "com.clean-architecture-spotifyUITests";
				PRODUCT_NAME = "$(TARGET_NAME)";
				SWIFT_VERSION = 3.0;
				TEST_TARGET_NAME = "clean-architecture-spotify";
			};
			name = Release;
		};
/* End XCBuildConfiguration section */

/* Begin XCConfigurationList section */
		45ED5C721E073C4000308D89 /* Build configuration list for PBXProject "clean-architecture-spotify" */ = {
			isa = XCConfigurationList;
			buildConfigurations = (
				45ED5C9D1E073C4100308D89 /* Debug */,
				45ED5C9E1E073C4100308D89 /* Release */,
			);
			defaultConfigurationIsVisible = 0;
			defaultConfigurationName = Release;
		};
		45ED5C9F1E073C4100308D89 /* Build configuration list for PBXNativeTarget "clean-architecture-spotify" */ = {
			isa = XCConfigurationList;
			buildConfigurations = (
				45ED5CA01E073C4100308D89 /* Debug */,
				45ED5CA11E073C4100308D89 /* Release */,
			);
			defaultConfigurationIsVisible = 0;
			defaultConfigurationName = Release;
		};
		45ED5CA21E073C4100308D89 /* Build configuration list for PBXNativeTarget "clean-architecture-spotifyTests" */ = {
			isa = XCConfigurationList;
			buildConfigurations = (
				45ED5CA31E073C4100308D89 /* Debug */,
				45ED5CA41E073C4100308D89 /* Release */,
			);
			defaultConfigurationIsVisible = 0;
			defaultConfigurationName = Release;
		};
		45ED5CA51E073C4100308D89 /* Build configuration list for PBXNativeTarget "clean-architecture-spotifyUITests" */ = {
			isa = XCConfigurationList;
			buildConfigurations = (
				45ED5CA61E073C4100308D89 /* Debug */,
				45ED5CA71E073C4100308D89 /* Release */,
			);
			defaultConfigurationIsVisible = 0;
			defaultConfigurationName = Release;
		};
/* End XCConfigurationList section */
	};
	rootObject = 45ED5C6F1E073C4000308D89 /* Project object */;
}
